
Microsoft Visual Studio Solution File, Format Version 12.00
# Visual Studio Version 16
VisualStudioVersion = 16.0.31005.135
MinimumVisualStudioVersion = 15.0.26124.0
Project("{9A19103F-16F7-4668-BE54-9A1E7A4F7556}") = "BookMarket.Api", "MusicMarket.Api\BookMarket.Api.csproj", "{91435C7E-DDEB-4F8A-AE28-0B0F5A59E9DF}"
EndProject
Project("{9A19103F-16F7-4668-BE54-9A1E7A4F7556}") = "BookMarket.Core", "MusicMarket.Core\BookMarket.Core.csproj", "{C0EFD35B-AD8E-464D-836A-B52F0CD952E7}"
EndProject
Project("{9A19103F-16F7-4668-BE54-9A1E7A4F7556}") = "BookMarket.Data", "MusicMarket.Data\BookMarket.Data.csproj", "{F4F46C48-F478-4EED-A6F4-6F213125131B}"
EndProject
Project("{9A19103F-16F7-4668-BE54-9A1E7A4F7556}") = "BookMarket.Services", "MusicMarket.Services\BookMarket.Services.csproj", "{5EAD6FAD-FF3A-40A3-B63F-0AB22A525457}"
EndProject
Global
	GlobalSection(SolutionConfigurationPlatforms) = preSolution
		Debug|Any CPU = Debug|Any CPU
		Debug|x64 = Debug|x64
		Debug|x86 = Debug|x86
		Release|Any CPU = Release|Any CPU
		Release|x64 = Release|x64
		Release|x86 = Release|x86
	EndGlobalSection
	GlobalSection(ProjectConfigurationPlatforms) = postSolution
		{91435C7E-DDEB-4F8A-AE28-0B0F5A59E9DF}.Debug|Any CPU.ActiveCfg = Debug|Any CPU
		{91435C7E-DDEB-4F8A-AE28-0B0F5A59E9DF}.Debug|Any CPU.Build.0 = Debug|Any CPU
		{91435C7E-DDEB-4F8A-AE28-0B0F5A59E9DF}.Debug|x64.ActiveCfg = Debug|Any CPU
		{91435C7E-DDEB-4F8A-AE28-0B0F5A59E9DF}.Debug|x64.Build.0 = Debug|Any CPU
		{91435C7E-DDEB-4F8A-AE28-0B0F5A59E9DF}.Debug|x86.ActiveCfg = Debug|Any CPU
		{91435C7E-DDEB-4F8A-AE28-0B0F5A59E9DF}.Debug|x86.Build.0 = Debug|Any CPU
		{91435C7E-DDEB-4F8A-AE28-0B0F5A59E9DF}.Release|Any CPU.ActiveCfg = Release|Any CPU
		{91435C7E-DDEB-4F8A-AE28-0B0F5A59E9DF}.Release|Any CPU.Build.0 = Release|Any CPU
		{91435C7E-DDEB-4F8A-AE28-0B0F5A59E9DF}.Release|x64.ActiveCfg = Release|Any CPU
		{91435C7E-DDEB-4F8A-AE28-0B0F5A59E9DF}.Release|x64.Build.0 = Release|Any CPU
		{91435C7E-DDEB-4F8A-AE28-0B0F5A59E9DF}.Release|x86.ActiveCfg = Release|Any CPU
		{91435C7E-DDEB-4F8A-AE28-0B0F5A59E9DF}.Release|x86.Build.0 = Release|Any CPU
		{C0EFD35B-AD8E-464D-836A-B52F0CD952E7}.Debug|Any CPU.ActiveCfg = Debug|Any CPU
		{C0EFD35B-AD8E-464D-836A-B52F0CD952E7}.Debug|Any CPU.Build.0 = Debug|Any CPU
		{C0EFD35B-AD8E-464D-836A-B52F0CD952E7}.Debug|x64.ActiveCfg = Debug|Any CPU
		{C0EFD35B-AD8E-464D-836A-B52F0CD952E7}.Debug|x64.Build.0 = Debug|Any CPU
		{C0EFD35B-AD8E-464D-836A-B52F0CD952E7}.Debug|x86.ActiveCfg = Debug|Any CPU
		{C0EFD35B-AD8E-464D-836A-B52F0CD952E7}.Debug|x86.Build.0 = Debug|Any CPU
		{C0EFD35B-AD8E-464D-836A-B52F0CD952E7}.Release|Any CPU.ActiveCfg = Release|Any CPU
		{C0EFD35B-AD8E-464D-836A-B52F0CD952E7}.Release|Any CPU.Build.0 = Release|Any CPU
		{C0EFD35B-AD8E-464D-836A-B52F0CD952E7}.Release|x64.ActiveCfg = Release|Any CPU
		{C0EFD35B-AD8E-464D-836A-B52F0CD952E7}.Release|x64.Build.0 = Release|Any CPU
		{C0EFD35B-AD8E-464D-836A-B52F0CD952E7}.Release|x86.ActiveCfg = Release|Any CPU
		{C0EFD35B-AD8E-464D-836A-B52F0CD952E7}.Release|x86.Build.0 = Release|Any CPU
		{F4F46C48-F478-4EED-A6F4-6F213125131B}.Debug|Any CPU.ActiveCfg = Debug|Any CPU
		{F4F46C48-F478-4EED-A6F4-6F213125131B}.Debug|Any CPU.Build.0 = Debug|Any CPU
		{F4F46C48-F478-4EED-A6F4-6F213125131B}.Debug|x64.ActiveCfg = Debug|Any CPU
		{F4F46C48-F478-4EED-A6F4-6F213125131B}.Debug|x64.Build.0 = Debug|Any CPU
		{F4F46C48-F478-4EED-A6F4-6F213125131B}.Debug|x86.ActiveCfg = Debug|Any CPU
		{F4F46C48-F478-4EED-A6F4-6F213125131B}.Debug|x86.Build.0 = Debug|Any CPU
		{F4F46C48-F478-4EED-A6F4-6F213125131B}.Release|Any CPU.ActiveCfg = Release|Any CPU
		{F4F46C48-F478-4EED-A6F4-6F213125131B}.Release|Any CPU.Build.0 = Release|Any CPU
		{F4F46C48-F478-4EED-A6F4-6F213125131B}.Release|x64.ActiveCfg = Release|Any CPU
		{F4F46C48-F478-4EED-A6F4-6F213125131B}.Release|x64.Build.0 = Release|Any CPU
		{F4F46C48-F478-4EED-A6F4-6F213125131B}.Release|x86.ActiveCfg = Release|Any CPU
		{F4F46C48-F478-4EED-A6F4-6F213125131B}.Release|x86.Build.0 = Release|Any CPU
		{5EAD6FAD-FF3A-40A3-B63F-0AB22A525457}.Debug|Any CPU.ActiveCfg = Debug|Any CPU
		{5EAD6FAD-FF3A-40A3-B63F-0AB22A525457}.Debug|Any CPU.Build.0 = Debug|Any CPU
		{5EAD6FAD-FF3A-40A3-B63F-0AB22A525457}.Debug|x64.ActiveCfg = Debug|Any CPU
		{5EAD6FAD-FF3A-40A3-B63F-0AB22A525457}.Debug|x64.Build.0 = Debug|Any CPU
		{5EAD6FAD-FF3A-40A3-B63F-0AB22A525457}.Debug|x86.ActiveCfg = Debug|Any CPU
		{5EAD6FAD-FF3A-40A3-B63F-0AB22A525457}.Debug|x86.Build.0 = Debug|Any CPU
		{5EAD6FAD-FF3A-40A3-B63F-0AB22A525457}.Release|Any CPU.ActiveCfg = Release|Any CPU
		{5EAD6FAD-FF3A-40A3-B63F-0AB22A525457}.Release|Any CPU.Build.0 = Release|Any CPU
		{5EAD6FAD-FF3A-40A3-B63F-0AB22A525457}.Release|x64.ActiveCfg = Release|Any CPU
		{5EAD6FAD-FF3A-40A3-B63F-0AB22A525457}.Release|x64.Build.0 = Release|Any CPU
		{5EAD6FAD-FF3A-40A3-B63F-0AB22A525457}.Release|x86.ActiveCfg = Release|Any CPU
		{5EAD6FAD-FF3A-40A3-B63F-0AB22A525457}.Release|x86.Build.0 = Release|Any CPU
	EndGlobalSection
	GlobalSection(SolutionProperties) = preSolution
		HideSolutionNode = FALSE
	EndGlobalSection
	GlobalSection(ExtensibilityGlobals) = postSolution
		SolutionGuid = {B0671978-6885-4DDA-A960-54F915F77112}
	EndGlobalSection
EndGlobal
