
Microsoft Visual Studio Solution File, Format Version 12.00
# Visual Studio Version 16
VisualStudioVersion = 16.0.31005.135
MinimumVisualStudioVersion = 10.0.40219.1
Project("{9A19103F-16F7-4668-BE54-9A1E7A4F7556}") = "Singleton", "dependency_injection\Singleton.csproj", "{0D435E45-FCAC-412D-8D75-E6E0238F8338}"
EndProject
Global
	GlobalSection(SolutionConfigurationPlatforms) = preSolution
		Debug|Any CPU = Debug|Any CPU
		Release|Any CPU = Release|Any CPU
	EndGlobalSection
	GlobalSection(ProjectConfigurationPlatforms) = postSolution
		{0D435E45-FCAC-412D-8D75-E6E0238F8338}.Debug|Any CPU.ActiveCfg = Debug|Any CPU
		{0D435E45-FCAC-412D-8D75-E6E0238F8338}.Debug|Any CPU.Build.0 = Debug|Any CPU
		{0D435E45-FCAC-412D-8D75-E6E0238F8338}.Release|Any CPU.ActiveCfg = Release|Any CPU
		{0D435E45-FCAC-412D-8D75-E6E0238F8338}.Release|Any CPU.Build.0 = Release|Any CPU
	EndGlobalSection
	GlobalSection(SolutionProperties) = preSolution
		HideSolutionNode = FALSE
	EndGlobalSection
	GlobalSection(ExtensibilityGlobals) = postSolution
		SolutionGuid = {B026F425-D15C-4A0A-84D8-84CEC9F9DB71}
	EndGlobalSection
EndGlobal
